
Microsoft Visual Studio Solution File, Format Version 12.00
# Visual Studio Version 17
VisualStudioVersion = 17.12.35514.174
MinimumVisualStudioVersion = 10.0.40219.1
Project("{FAE04EC0-301F-11D3-BF4B-00C04F79EFBC}") = "API", "src\API\API.csproj", "{9E66382E-0BBD-40B6-95EA-3E62F2E6BAB2}"
EndProject
Project("{FAE04EC0-301F-11D3-BF4B-00C04F79EFBC}") = "Miner", "src\Miner\Miner\Miner.csproj", "{4C8B5235-C725-442F-B5FE-54266299A259}"
EndProject
Global
	GlobalSection(SolutionConfigurationPlatforms) = preSolution
		Debug|Any CPU = Debug|Any CPU
		Release|Any CPU = Release|Any CPU
	EndGlobalSection
	GlobalSection(ProjectConfigurationPlatforms) = postSolution
		{9E66382E-0BBD-40B6-95EA-3E62F2E6BAB2}.Debug|Any CPU.ActiveCfg = Debug|Any CPU
		{9E66382E-0BBD-40B6-95EA-3E62F2E6BAB2}.Debug|Any CPU.Build.0 = Debug|Any CPU
		{9E66382E-0BBD-40B6-95EA-3E62F2E6BAB2}.Release|Any CPU.ActiveCfg = Release|Any CPU
		{9E66382E-0BBD-40B6-95EA-3E62F2E6BAB2}.Release|Any CPU.Build.0 = Release|Any CPU
		{4C8B5235-C725-442F-B5FE-54266299A259}.Debug|Any CPU.ActiveCfg = Debug|Any CPU
		{4C8B5235-C725-442F-B5FE-54266299A259}.Debug|Any CPU.Build.0 = Debug|Any CPU
		{4C8B5235-C725-442F-B5FE-54266299A259}.Release|Any CPU.ActiveCfg = Release|Any CPU
		{4C8B5235-C725-442F-B5FE-54266299A259}.Release|Any CPU.Build.0 = Release|Any CPU
	EndGlobalSection
	GlobalSection(SolutionProperties) = preSolution
		HideSolutionNode = FALSE
	EndGlobalSection
EndGlobal
